
Microsoft Visual Studio Solution File, Format Version 12.00
# Visual Studio Version 16
VisualStudioVersion = 16.0.28803.352
MinimumVisualStudioVersion = 10.0.40219.1
Project("{8BC9CEB8-8B4A-11D0-8D11-00A0C91BC942}") = "Sandbox", "Sandbox\Sandbox.vcxproj", "{2FD508CB-7B91-4BD1-9BC2-BDD443E29A4B}"
EndProject
Project("{8BC9CEB8-8B4A-11D0-8D11-00A0C91BC942}") = "Saber", "Saber\Saber.vcxproj", "{3C36AD99-1D49-463A-BFDB-4E7B988ECA4C}"
EndProject
Global
	GlobalSection(SolutionConfigurationPlatforms) = preSolution
		Debug|x64 = Debug|x64
		Release|x64 = Release|x64
	EndGlobalSection
	GlobalSection(ProjectConfigurationPlatforms) = postSolution
		{2FD508CB-7B91-4BD1-9BC2-BDD443E29A4B}.Debug|x64.ActiveCfg = Debug|x64
		{2FD508CB-7B91-4BD1-9BC2-BDD443E29A4B}.Debug|x64.Build.0 = Debug|x64
		{2FD508CB-7B91-4BD1-9BC2-BDD443E29A4B}.Release|x64.ActiveCfg = Release|x64
		{2FD508CB-7B91-4BD1-9BC2-BDD443E29A4B}.Release|x64.Build.0 = Release|x64
		{3C36AD99-1D49-463A-BFDB-4E7B988ECA4C}.Debug|x64.ActiveCfg = Debug|x64
		{3C36AD99-1D49-463A-BFDB-4E7B988ECA4C}.Debug|x64.Build.0 = Debug|x64
		{3C36AD99-1D49-463A-BFDB-4E7B988ECA4C}.Release|x64.ActiveCfg = Release|x64
		{3C36AD99-1D49-463A-BFDB-4E7B988ECA4C}.Release|x64.Build.0 = Release|x64
	EndGlobalSection
	GlobalSection(SolutionProperties) = preSolution
		HideSolutionNode = FALSE
	EndGlobalSection
	GlobalSection(ExtensibilityGlobals) = postSolution
		SolutionGuid = {FC9843F0-2604-4F15-B948-98E70D1C4A43}
	EndGlobalSection
EndGlobal
